
Microsoft Visual Studio Solution File, Format Version 12.00
# Visual Studio Version 17
VisualStudioVersion = 17.0.31903.59
MinimumVisualStudioVersion = 10.0.40219.1
Project("{2150E333-8FDC-42A3-9474-1A3956D46DE8}") = "src", "src", "{BF9FAFAE-8114-4B21-85E6-C02AE58131ED}"
EndProject
Project("{2150E333-8FDC-42A3-9474-1A3956D46DE8}") = "Solution Items", "Solution Items", "{298C503E-A1BE-42A3-81A1-0804322AE426}"
	ProjectSection(SolutionItems) = preProject
		Directory.Build.props = Directory.Build.props
		stylecop.json = stylecop.json
	EndProjectSection
EndProject
Project("{9A19103F-16F7-4668-BE54-9A1E7A4F7556}") = "Hound.Bot", "src\Hound.Bot\Hound.Bot.csproj", "{E8511307-32AA-4D74-B65D-FC77C04E30DD}"
EndProject
Project("{9A19103F-16F7-4668-BE54-9A1E7A4F7556}") = "Hound.Domain", "src\Hound.Domain\Hound.Domain.csproj", "{E0991269-6558-40F7-8CB9-6C29E9E041CD}"
EndProject
Project("{9A19103F-16F7-4668-BE54-9A1E7A4F7556}") = "Hound.Infrastructure", "src\Hound.Infrastructure\Hound.Infrastructure.csproj", "{F48BB0EE-8085-491C-9663-BCFFECFB9E82}"
EndProject
Project("{2150E333-8FDC-42A3-9474-1A3956D46DE8}") = "Bot", "Bot", "{E7DEC4A1-14D9-4458-B05A-28F1723FF1CE}"
EndProject
Project("{2150E333-8FDC-42A3-9474-1A3956D46DE8}") = "Client", "Client", "{1B19F2E1-3D01-484A-897D-06F5718D3F79}"
EndProject
Project("{9A19103F-16F7-4668-BE54-9A1E7A4F7556}") = "Hound.Client", "src\Hound.Client\Hound.Client.csproj", "{7417CFD7-6C18-42DC-B349-10230BDBA27C}"
EndProject
Global
	GlobalSection(SolutionConfigurationPlatforms) = preSolution
		Debug|Any CPU = Debug|Any CPU
		Release|Any CPU = Release|Any CPU
	EndGlobalSection
	GlobalSection(ProjectConfigurationPlatforms) = postSolution
		{E8511307-32AA-4D74-B65D-FC77C04E30DD}.Debug|Any CPU.ActiveCfg = Debug|Any CPU
		{E8511307-32AA-4D74-B65D-FC77C04E30DD}.Debug|Any CPU.Build.0 = Debug|Any CPU
		{E8511307-32AA-4D74-B65D-FC77C04E30DD}.Release|Any CPU.ActiveCfg = Release|Any CPU
		{E8511307-32AA-4D74-B65D-FC77C04E30DD}.Release|Any CPU.Build.0 = Release|Any CPU
		{E0991269-6558-40F7-8CB9-6C29E9E041CD}.Debug|Any CPU.ActiveCfg = Debug|Any CPU
		{E0991269-6558-40F7-8CB9-6C29E9E041CD}.Debug|Any CPU.Build.0 = Debug|Any CPU
		{E0991269-6558-40F7-8CB9-6C29E9E041CD}.Release|Any CPU.ActiveCfg = Release|Any CPU
		{E0991269-6558-40F7-8CB9-6C29E9E041CD}.Release|Any CPU.Build.0 = Release|Any CPU
		{F48BB0EE-8085-491C-9663-BCFFECFB9E82}.Debug|Any CPU.ActiveCfg = Debug|Any CPU
		{F48BB0EE-8085-491C-9663-BCFFECFB9E82}.Debug|Any CPU.Build.0 = Debug|Any CPU
		{F48BB0EE-8085-491C-9663-BCFFECFB9E82}.Release|Any CPU.ActiveCfg = Release|Any CPU
		{F48BB0EE-8085-491C-9663-BCFFECFB9E82}.Release|Any CPU.Build.0 = Release|Any CPU
		{7417CFD7-6C18-42DC-B349-10230BDBA27C}.Debug|Any CPU.ActiveCfg = Debug|Any CPU
		{7417CFD7-6C18-42DC-B349-10230BDBA27C}.Debug|Any CPU.Build.0 = Debug|Any CPU
		{7417CFD7-6C18-42DC-B349-10230BDBA27C}.Release|Any CPU.ActiveCfg = Release|Any CPU
		{7417CFD7-6C18-42DC-B349-10230BDBA27C}.Release|Any CPU.Build.0 = Release|Any CPU
	EndGlobalSection
	GlobalSection(SolutionProperties) = preSolution
		HideSolutionNode = FALSE
	EndGlobalSection
	GlobalSection(NestedProjects) = preSolution
		{E8511307-32AA-4D74-B65D-FC77C04E30DD} = {E7DEC4A1-14D9-4458-B05A-28F1723FF1CE}
		{E0991269-6558-40F7-8CB9-6C29E9E041CD} = {E7DEC4A1-14D9-4458-B05A-28F1723FF1CE}
		{F48BB0EE-8085-491C-9663-BCFFECFB9E82} = {E7DEC4A1-14D9-4458-B05A-28F1723FF1CE}
		{E7DEC4A1-14D9-4458-B05A-28F1723FF1CE} = {BF9FAFAE-8114-4B21-85E6-C02AE58131ED}
		{1B19F2E1-3D01-484A-897D-06F5718D3F79} = {BF9FAFAE-8114-4B21-85E6-C02AE58131ED}
		{7417CFD7-6C18-42DC-B349-10230BDBA27C} = {1B19F2E1-3D01-484A-897D-06F5718D3F79}
	EndGlobalSection
	GlobalSection(ExtensibilityGlobals) = postSolution
		SolutionGuid = {515D22B7-FE6E-496A-96A4-116662BE55D7}
	EndGlobalSection
EndGlobal
